// !$*UTF8*$!
{
	archiveVersion = 1;
	classes = {
	};
	objectVersion = 46;
	objects = {

/* Begin PBXBuildFile section */
		EFBB7D1F1B82DFB2005B3F2D /* AppDelegate.swift in Sources */ = {isa = PBXBuildFile; fileRef = EFBB7D1E1B82DFB2005B3F2D /* AppDelegate.swift */; };
		EFBB7D211B82DFB2005B3F2D /* ViewController.swift in Sources */ = {isa = PBXBuildFile; fileRef = EFBB7D201B82DFB2005B3F2D /* ViewController.swift */; };
		EFBB7D241B82DFB2005B3F2D /* Main.storyboard in Resources */ = {isa = PBXBuildFile; fileRef = EFBB7D221B82DFB2005B3F2D /* Main.storyboard */; };
		EFBB7D261B82DFB2005B3F2D /* Images.xcassets in Resources */ = {isa = PBXBuildFile; fileRef = EFBB7D251B82DFB2005B3F2D /* Images.xcassets */; };
		EFBB7D291B82DFB2005B3F2D /* LaunchScreen.xib in Resources */ = {isa = PBXBuildFile; fileRef = EFBB7D271B82DFB2005B3F2D /* LaunchScreen.xib */; };
		EFBB7D351B82DFB2005B3F2D /* WhatTheDueceTests.swift in Sources */ = {isa = PBXBuildFile; fileRef = EFBB7D341B82DFB2005B3F2D /* WhatTheDueceTests.swift */; };
/* End PBXBuildFile section */

/* Begin PBXContainerItemProxy section */
		EFBB7D2F1B82DFB2005B3F2D /* PBXContainerItemProxy */ = {
			isa = PBXContainerItemProxy;
			containerPortal = EFBB7D111B82DFB2005B3F2D /* Project object */;
			proxyType = 1;
			remoteGlobalIDString = EFBB7D181B82DFB2005B3F2D;
			remoteInfo = WhatTheDuece;
		};
/* End PBXContainerItemProxy section */

/* Begin PBXFileReference section */
		EFBB7D191B82DFB2005B3F2D /* WhatTheDuece.app */ = {isa = PBXFileReference; explicitFileType = wrapper.application; includeInIndex = 0; path = WhatTheDuece.app; sourceTree = BUILT_PRODUCTS_DIR; };
		EFBB7D1D1B82DFB2005B3F2D /* Info.plist */ = {isa = PBXFileReference; lastKnownFileType = text.plist.xml; path = Info.plist; sourceTree = "<group>"; };
		EFBB7D1E1B82DFB2005B3F2D /* AppDelegate.swift */ = {isa = PBXFileReference; lastKnownFileType = sourcecode.swift; path = AppDelegate.swift; sourceTree = "<group>"; };
		EFBB7D201B82DFB2005B3F2D /* ViewController.swift */ = {isa = PBXFileReference; lastKnownFileType = sourcecode.swift; path = ViewController.swift; sourceTree = "<group>"; };
		EFBB7D231B82DFB2005B3F2D /* Base */ = {isa = PBXFileReference; lastKnownFileType = file.storyboard; name = Base; path = Base.lproj/Main.storyboard; sourceTree = "<group>"; };
		EFBB7D251B82DFB2005B3F2D /* Images.xcassets */ = {isa = PBXFileReference; lastKnownFileType = folder.assetcatalog; path = Images.xcassets; sourceTree = "<group>"; };
		EFBB7D281B82DFB2005B3F2D /* Base */ = {isa = PBXFileReference; lastKnownFileType = file.xib; name = Base; path = Base.lproj/LaunchScreen.xib; sourceTree = "<group>"; };
		EFBB7D2E1B82DFB2005B3F2D /* WhatTheDueceTests.xctest */ = {isa = PBXFileReference; explicitFileType = wrapper.cfbundle; includeInIndex = 0; path = WhatTheDueceTests.xctest; sourceTree = BUILT_PRODUCTS_DIR; };
		EFBB7D331B82DFB2005B3F2D /* Info.plist */ = {isa = PBXFileReference; lastKnownFileType = text.plist.xml; path = Info.plist; sourceTree = "<group>"; };
		EFBB7D341B82DFB2005B3F2D /* WhatTheDueceTests.swift */ = {isa = PBXFileReference; lastKnownFileType = sourcecode.swift; path = WhatTheDueceTests.swift; sourceTree = "<group>"; };
/* End PBXFileReference section */

/* Begin PBXFrameworksBuildPhase section */
		EFBB7D161B82DFB2005B3F2D /* Frameworks */ = {
			isa = PBXFrameworksBuildPhase;
			buildActionMask = 2147483647;
			files = (
			);
			runOnlyForDeploymentPostprocessing = 0;
		};
		EFBB7D2B1B82DFB2005B3F2D /* Frameworks */ = {
			isa = PBXFrameworksBuildPhase;
			buildActionMask = 2147483647;
			files = (
			);
			runOnlyForDeploymentPostprocessing = 0;
		};
/* End PBXFrameworksBuildPhase section */

/* Begin PBXGroup section */
		EFBB7D101B82DFB2005B3F2D = {
			isa = PBXGroup;
			children = (
				EFBB7D1B1B82DFB2005B3F2D /* WhatTheDuece */,
				EFBB7D311B82DFB2005B3F2D /* WhatTheDueceTests */,
				EFBB7D1A1B82DFB2005B3F2D /* Products */,
			);
			sourceTree = "<group>";
		};
		EFBB7D1A1B82DFB2005B3F2D /* Products */ = {
			isa = PBXGroup;
			children = (
				EFBB7D191B82DFB2005B3F2D /* WhatTheDuece.app */,
				EFBB7D2E1B82DFB2005B3F2D /* WhatTheDueceTests.xctest */,
			);
			name = Products;
			sourceTree = "<group>";
		};
		EFBB7D1B1B82DFB2005B3F2D /* WhatTheDuece */ = {
			isa = PBXGroup;
			children = (
				EFBB7D1E1B82DFB2005B3F2D /* AppDelegate.swift */,
				EFBB7D201B82DFB2005B3F2D /* ViewController.swift */,
				EFBB7D221B82DFB2005B3F2D /* Main.storyboard */,
				EFBB7D251B82DFB2005B3F2D /* Images.xcassets */,
				EFBB7D271B82DFB2005B3F2D /* LaunchScreen.xib */,
				EFBB7D1C1B82DFB2005B3F2D /* Supporting Files */,
			);
			path = WhatTheDuece;
			sourceTree = "<group>";
		};
		EFBB7D1C1B82DFB2005B3F2D /* Supporting Files */ = {
			isa = PBXGroup;
			children = (
				EFBB7D1D1B82DFB2005B3F2D /* Info.plist */,
			);
			name = "Supporting Files";
			sourceTree = "<group>";
		};
		EFBB7D311B82DFB2005B3F2D /* WhatTheDueceTests */ = {
			isa = PBXGroup;
			children = (
				EFBB7D341B82DFB2005B3F2D /* WhatTheDueceTests.swift */,
				EFBB7D321B82DFB2005B3F2D /* Supporting Files */,
			);
			path = WhatTheDueceTests;
			sourceTree = "<group>";
		};
		EFBB7D321B82DFB2005B3F2D /* Supporting Files */ = {
			isa = PBXGroup;
			children = (
				EFBB7D331B82DFB2005B3F2D /* Info.plist */,
			);
			name = "Supporting Files";
			sourceTree = "<group>";
		};
/* End PBXGroup section */

/* Begin PBXNativeTarget section */
		EFBB7D181B82DFB2005B3F2D /* WhatTheDuece */ = {
			isa = PBXNativeTarget;
			buildConfigurationList = EFBB7D381B82DFB2005B3F2D /* Build configuration list for PBXNativeTarget "WhatTheDuece" */;
			buildPhases = (
				EFBB7D151B82DFB2005B3F2D /* Sources */,
				EFBB7D161B82DFB2005B3F2D /* Frameworks */,
				EFBB7D171B82DFB2005B3F2D /* Resources */,
			);
			buildRules = (
			);
			dependencies = (
			);
			name = WhatTheDuece;
			productName = WhatTheDuece;
			productReference = EFBB7D191B82DFB2005B3F2D /* WhatTheDuece.app */;
			productType = "com.apple.product-type.application";
		};
		EFBB7D2D1B82DFB2005B3F2D /* WhatTheDueceTests */ = {
			isa = PBXNativeTarget;
			buildConfigurationList = EFBB7D3B1B82DFB2005B3F2D /* Build configuration list for PBXNativeTarget "WhatTheDueceTests" */;
			buildPhases = (
				EFBB7D2A1B82DFB2005B3F2D /* Sources */,
				EFBB7D2B1B82DFB2005B3F2D /* Frameworks */,
				EFBB7D2C1B82DFB2005B3F2D /* Resources */,
			);
			buildRules = (
			);
			dependencies = (
				EFBB7D301B82DFB2005B3F2D /* PBXTargetDependency */,
			);
			name = WhatTheDueceTests;
			productName = WhatTheDueceTests;
			productReference = EFBB7D2E1B82DFB2005B3F2D /* WhatTheDueceTests.xctest */;
			productType = "com.apple.product-type.bundle.unit-test";
		};
/* End PBXNativeTarget section */

/* Begin PBXProject section */
		EFBB7D111B82DFB2005B3F2D /* Project object */ = {
			isa = PBXProject;
			attributes = {
				LastUpgradeCheck = 0630;
				ORGANIZATIONNAME = "James Pluim";
				TargetAttributes = {
					EFBB7D181B82DFB2005B3F2D = {
						CreatedOnToolsVersion = 6.3.1;
					};
					EFBB7D2D1B82DFB2005B3F2D = {
						CreatedOnToolsVersion = 6.3.1;
						TestTargetID = EFBB7D181B82DFB2005B3F2D;
					};
				};
			};
			buildConfigurationList = EFBB7D141B82DFB2005B3F2D /* Build configuration list for PBXProject "WhatTheDuece" */;
			compatibilityVersion = "Xcode 3.2";
			developmentRegion = English;
			hasScannedForEncodings = 0;
			knownRegions = (
				en,
				Base,
			);
			mainGroup = EFBB7D101B82DFB2005B3F2D;
			productRefGroup = EFBB7D1A1B82DFB2005B3F2D /* Products */;
			projectDirPath = "";
			projectRoot = "";
			targets = (
				EFBB7D181B82DFB2005B3F2D /* WhatTheDuece */,
				EFBB7D2D1B82DFB2005B3F2D /* WhatTheDueceTests */,
			);
		};
/* End PBXProject section */

/* Begin PBXResourcesBuildPhase section */
		EFBB7D171B82DFB2005B3F2D /* Resources */ = {
			isa = PBXResourcesBuildPhase;
			buildActionMask = 2147483647;
			files = (
				EFBB7D241B82DFB2005B3F2D /* Main.storyboard in Resources */,
				EFBB7D291B82DFB2005B3F2D /* LaunchScreen.xib in Resources */,
				EFBB7D261B82DFB2005B3F2D /* Images.xcassets in Resources */,
			);
			runOnlyForDeploymentPostprocessing = 0;
		};
		EFBB7D2C1B82DFB2005B3F2D /* Resources */ = {
			isa = PBXResourcesBuildPhase;
			buildActionMask = 2147483647;
			files = (
			);
			runOnlyForDeploymentPostprocessing = 0;
		};
/* End PBXResourcesBuildPhase section */

/* Begin PBXSourcesBuildPhase section */
		EFBB7D151B82DFB2005B3F2D /* Sources */ = {
			isa = PBXSourcesBuildPhase;
			buildActionMask = 2147483647;
			files = (
				EFBB7D211B82DFB2005B3F2D /* ViewController.swift in Sources */,
				EFBB7D1F1B82DFB2005B3F2D /* AppDelegate.swift in Sources */,
			);
			runOnlyForDeploymentPostprocessing = 0;
		};
		EFBB7D2A1B82DFB2005B3F2D /* Sources */ = {
			isa = PBXSourcesBuildPhase;
			buildActionMask = 2147483647;
			files = (
				EFBB7D351B82DFB2005B3F2D /* WhatTheDueceTests.swift in Sources */,
			);
			runOnlyForDeploymentPostprocessing = 0;
		};
/* End PBXSourcesBuildPhase section */

/* Begin PBXTargetDependency section */
		EFBB7D301B82DFB2005B3F2D /* PBXTargetDependency */ = {
			isa = PBXTargetDependency;
			target = EFBB7D181B82DFB2005B3F2D /* WhatTheDuece */;
			targetProxy = EFBB7D2F1B82DFB2005B3F2D /* PBXContainerItemProxy */;
		};
/* End PBXTargetDependency section */

/* Begin PBXVariantGroup section */
		EFBB7D221B82DFB2005B3F2D /* Main.storyboard */ = {
			isa = PBXVariantGroup;
			children = (
				EFBB7D231B82DFB2005B3F2D /* Base */,
			);
			name = Main.storyboard;
			sourceTree = "<group>";
		};
		EFBB7D271B82DFB2005B3F2D /* LaunchScreen.xib */ = {
			isa = PBXVariantGroup;
			children = (
				EFBB7D281B82DFB2005B3F2D /* Base */,
			);
			name = LaunchScreen.xib;
			sourceTree = "<group>";
		};
/* End PBXVariantGroup section */

/* Begin XCBuildConfiguration section */
		EFBB7D361B82DFB2005B3F2D /* Debug */ = {
			isa = XCBuildConfiguration;
			buildSettings = {
				ALWAYS_SEARCH_USER_PATHS = NO;
				CLANG_CXX_LANGUAGE_STANDARD = "gnu++0x";
				CLANG_CXX_LIBRARY = "libc++";
				CLANG_ENABLE_MODULES = YES;
				CLANG_ENABLE_OBJC_ARC = YES;
				CLANG_WARN_BOOL_CONVERSION = YES;
				CLANG_WARN_CONSTANT_CONVERSION = YES;
				CLANG_WARN_DIRECT_OBJC_ISA_USAGE = YES_ERROR;
				CLANG_WARN_EMPTY_BODY = YES;
				CLANG_WARN_ENUM_CONVERSION = YES;
				CLANG_WARN_INT_CONVERSION = YES;
				CLANG_WARN_OBJC_ROOT_CLASS = YES_ERROR;
				CLANG_WARN_UNREACHABLE_CODE = YES;
				CLANG_WARN__DUPLICATE_METHOD_MATCH = YES;
				"CODE_SIGN_IDENTITY[sdk=iphoneos*]" = "iPhone Developer";
				COPY_PHASE_STRIP = NO;
				DEBUG_INFORMATION_FORMAT = "dwarf-with-dsym";
				ENABLE_STRICT_OBJC_MSGSEND = YES;
				GCC_C_LANGUAGE_STANDARD = gnu99;
				GCC_DYNAMIC_NO_PIC = NO;
				GCC_NO_COMMON_BLOCKS = YES;
				GCC_OPTIMIZATION_LEVEL = 0;
				GCC_PREPROCESSOR_DEFINITIONS = (
					"DEBUG=1",
					"$(inherited)",
				);
				GCC_SYMBOLS_PRIVATE_EXTERN = NO;
				GCC_WARN_64_TO_32_BIT_CONVERSION = YES;
				GCC_WARN_ABOUT_RETURN_TYPE = YES_ERROR;
				GCC_WARN_UNDECLARED_SELECTOR = YES;
				GCC_WARN_UNINITIALIZED_AUTOS = YES_AGGRESSIVE;
				GCC_WARN_UNUSED_FUNCTION = YES;
				GCC_WARN_UNUSED_VARIABLE = YES;
				IPHONEOS_DEPLOYMENT_TARGET = 8.3;
				MTL_ENABLE_DEBUG_INFO = YES;
				ONLY_ACTIVE_ARCH = YES;
				SDKROOT = iphoneos;
				SWIFT_OPTIMIZATION_LEVEL = "-Onone";
			};
			name = Debug;
		};
		EFBB7D371B82DFB2005B3F2D /* Release */ = {
			isa = XCBuildConfiguration;
			buildSettings = {
				ALWAYS_SEARCH_USER_PATHS = NO;
				CLANG_CXX_LANGUAGE_STANDARD = "gnu++0x";
				CLANG_CXX_LIBRARY = "libc++";
				CLANG_ENABLE_MODULES = YES;
				CLANG_ENABLE_OBJC_ARC = YES;
				CLANG_WARN_BOOL_CONVERSION = YES;
				CLANG_WARN_CONSTANT_CONVERSION = YES;
				CLANG_WARN_DIRECT_OBJC_ISA_USAGE = YES_ERROR;
				CLANG_WARN_EMPTY_BODY = YES;
				CLANG_WARN_ENUM_CONVERSION = YES;
				CLANG_WARN_INT_CONVERSION = YES;
				CLANG_WARN_OBJC_ROOT_CLASS = YES_ERROR;
				CLANG_WARN_UNREACHABLE_CODE = YES;
				CLANG_WARN__DUPLICATE_METHOD_MATCH = YES;
				"CODE_SIGN_IDENTITY[sdk=iphoneos*]" = "iPhone Developer";
				COPY_PHASE_STRIP = NO;
				DEBUG_INFORMATION_FORMAT = "dwarf-with-dsym";
				ENABLE_NS_ASSERTIONS = NO;
				ENABLE_STRICT_OBJC_MSGSEND = YES;
				GCC_C_LANGUAGE_STANDARD = gnu99;
				GCC_NO_COMMON_BLOCKS = YES;
				GCC_WARN_64_TO_32_BIT_CONVERSION = YES;
				GCC_WARN_ABOUT_RETURN_TYPE = YES_ERROR;
				GCC_WARN_UNDECLARED_SELECTOR = YES;
				GCC_WARN_UNINITIALIZED_AUTOS = YES_AGGRESSIVE;
				GCC_WARN_UNUSED_FUNCTION = YES;
				GCC_WARN_UNUSED_VARIABLE = YES;
				IPHONEOS_DEPLOYMENT_TARGET = 8.3;
				MTL_ENABLE_DEBUG_INFO = NO;
				SDKROOT = iphoneos;
				VALIDATE_PRODUCT = YES;
			};
			name = Release;
		};
		EFBB7D391B82DFB2005B3F2D /* Debug */ = {
			isa = XCBuildConfiguration;
			buildSettings = {
				ASSETCATALOG_COMPILER_APPICON_NAME = AppIcon;
				INFOPLIST_FILE = WhatTheDuece/Info.plist;
				LD_RUNPATH_SEARCH_PATHS = "$(inherited) @executable_path/Frameworks";
				PRODUCT_NAME = "$(TARGET_NAME)";
			};
			name = Debug;
		};
		EFBB7D3A1B82DFB2005B3F2D /* Release */ = {
			isa = XCBuildConfiguration;
			buildSettings = {
				ASSETCATALOG_COMPILER_APPICON_NAME = AppIcon;
				INFOPLIST_FILE = WhatTheDuece/Info.plist;
				LD_RUNPATH_SEARCH_PATHS = "$(inherited) @executable_path/Frameworks";
				PRODUCT_NAME = "$(TARGET_NAME)";
			};
			name = Release;
		};
		EFBB7D3C1B82DFB2005B3F2D /* Debug */ = {
			isa = XCBuildConfiguration;
			buildSettings = {
				BUNDLE_LOADER = "$(TEST_HOST)";
				FRAMEWORK_SEARCH_PATHS = (
					"$(SDKROOT)/Developer/Library/Frameworks",
					"$(inherited)",
				);
				GCC_PREPROCESSOR_DEFINITIONS = (
					"DEBUG=1",
					"$(inherited)",
				);
				INFOPLIST_FILE = WhatTheDueceTests/Info.plist;
				LD_RUNPATH_SEARCH_PATHS = "$(inherited) @executable_path/Frameworks @loader_path/Frameworks";
				PRODUCT_NAME = "$(TARGET_NAME)";
				TEST_HOST = "$(BUILT_PRODUCTS_DIR)/WhatTheDuece.app/WhatTheDuece";
			};
			name = Debug;
		};
		EFBB7D3D1B82DFB2005B3F2D /* Release */ = {
			isa = XCBuildConfiguration;
			buildSettings = {
				BUNDLE_LOADER = "$(TEST_HOST)";
				FRAMEWORK_SEARCH_PATHS = (
					"$(SDKROOT)/Developer/Library/Frameworks",
					"$(inherited)",
				);
				INFOPLIST_FILE = WhatTheDueceTests/Info.plist;
				LD_RUNPATH_SEARCH_PATHS = "$(inherited) @executable_path/Frameworks @loader_path/Frameworks";
				PRODUCT_NAME = "$(TARGET_NAME)";
				TEST_HOST = "$(BUILT_PRODUCTS_DIR)/WhatTheDuece.app/WhatTheDuece";
			};
			name = Release;
		};
/* End XCBuildConfiguration section */

/* Begin XCConfigurationList section */
		EFBB7D141B82DFB2005B3F2D /* Build configuration list for PBXProject "WhatTheDuece" */ = {
			isa = XCConfigurationList;
			buildConfigurations = (
				EFBB7D361B82DFB2005B3F2D /* Debug */,
				EFBB7D371B82DFB2005B3F2D /* Release */,
			);
			defaultConfigurationIsVisible = 0;
			defaultConfigurationName = Release;
		};
		EFBB7D381B82DFB2005B3F2D /* Build configuration list for PBXNativeTarget "WhatTheDuece" */ = {
			isa = XCConfigurationList;
			buildConfigurations = (
				EFBB7D391B82DFB2005B3F2D /* Debug */,
				EFBB7D3A1B82DFB2005B3F2D /* Release */,
			);
			defaultConfigurationIsVisible = 0;
		};
		EFBB7D3B1B82DFB2005B3F2D /* Build configuration list for PBXNativeTarget "WhatTheDueceTests" */ = {
			isa = XCConfigurationList;
			buildConfigurations = (
				EFBB7D3C1B82DFB2005B3F2D /* Debug */,
				EFBB7D3D1B82DFB2005B3F2D /* Release */,
			);
			defaultConfigurationIsVisible = 0;
		};
/* End XCConfigurationList section */
	};
	rootObject = EFBB7D111B82DFB2005B3F2D /* Project object */;
}
